// !$*UTF8*$!
{
	archiveVersion = 1;
	classes = {
	};
	objectVersion = 50;
	objects = {

/* Begin PBXBuildFile section */
		BFE5BA1A2369323700080D56 /* detect_walking_sta.model in Resources */ = {isa = PBXBuildFile; fileRef = BFE5BA182369323700080D56 /* detect_walking_sta.model */; };
		BFE5BA1B2369323700080D56 /* recognition_walking.model in Resources */ = {isa = PBXBuildFile; fileRef = BFE5BA192369323700080D56 /* recognition_walking.model */; };
		BFE897472366B1E1000A3968 /* detect_walking_what.model in Resources */ = {isa = PBXBuildFile; fileRef = BFE897462366B1E1000A3968 /* detect_walking_what.model */; };
		BFE897492366B7B7000A3968 /* opencv_nonoise.model in Resources */ = {isa = PBXBuildFile; fileRef = BFE897482366B7B7000A3968 /* opencv_nonoise.model */; };
		BFE8974B2366C7A5000A3968 /* opencv_noise.model in Resources */ = {isa = PBXBuildFile; fileRef = BFE8974A2366C7A5000A3968 /* opencv_noise.model */; };
/* End PBXBuildFile section */

/* Begin PBXFileReference section */
		BF98F8CE21F98BAA0025DA79 /* makeBundle.bundle */ = {isa = PBXFileReference; explicitFileType = wrapper.cfbundle; includeInIndex = 0; path = makeBundle.bundle; sourceTree = BUILT_PRODUCTS_DIR; };
		BF98F8D121F98BAA0025DA79 /* Info.plist */ = {isa = PBXFileReference; lastKnownFileType = text.plist.xml; path = Info.plist; sourceTree = "<group>"; };
		BFE5BA182369323700080D56 /* detect_walking_sta.model */ = {isa = PBXFileReference; fileEncoding = 4; lastKnownFileType = text; name = detect_walking_sta.model; path = ../../user_study/models/detect_walking_sta.model; sourceTree = "<group>"; };
		BFE5BA192369323700080D56 /* recognition_walking.model */ = {isa = PBXFileReference; fileEncoding = 4; lastKnownFileType = text; name = recognition_walking.model; path = ../../user_study/models/recognition_walking.model; sourceTree = "<group>"; };
		BFE897462366B1E1000A3968 /* detect_walking_what.model */ = {isa = PBXFileReference; fileEncoding = 4; lastKnownFileType = text; name = detect_walking_what.model; path = ../../user_study/models/detect_walking_what.model; sourceTree = "<group>"; };
		BFE897482366B7B7000A3968 /* opencv_nonoise.model */ = {isa = PBXFileReference; fileEncoding = 4; lastKnownFileType = text; name = opencv_nonoise.model; path = ../../user_study/models/opencv_nonoise.model; sourceTree = "<group>"; };
		BFE8974A2366C7A5000A3968 /* opencv_noise.model */ = {isa = PBXFileReference; fileEncoding = 4; lastKnownFileType = text; name = opencv_noise.model; path = ../../user_study/models/opencv_noise.model; sourceTree = "<group>"; };
/* End PBXFileReference section */

/* Begin PBXFrameworksBuildPhase section */
		BF98F8CB21F98BAA0025DA79 /* Frameworks */ = {
			isa = PBXFrameworksBuildPhase;
			buildActionMask = 2147483647;
			files = (
			);
			runOnlyForDeploymentPostprocessing = 0;
		};
/* End PBXFrameworksBuildPhase section */

/* Begin PBXGroup section */
		BF98F8C521F98BAA0025DA79 = {
			isa = PBXGroup;
			children = (
				BF98F8D021F98BAA0025DA79 /* MakeBundle */,
				BF98F8CF21F98BAA0025DA79 /* Products */,
			);
			sourceTree = "<group>";
		};
		BF98F8CF21F98BAA0025DA79 /* Products */ = {
			isa = PBXGroup;
			children = (
				BF98F8CE21F98BAA0025DA79 /* makeBundle.bundle */,
			);
			name = Products;
			sourceTree = "<group>";
		};
		BF98F8D021F98BAA0025DA79 /* MakeBundle */ = {
			isa = PBXGroup;
			children = (
				BFE897462366B1E1000A3968 /* detect_walking_what.model */,
				BF98F8D121F98BAA0025DA79 /* Info.plist */,
				BFE5BA182369323700080D56 /* detect_walking_sta.model */,
				BFE5BA192369323700080D56 /* recognition_walking.model */,
				BFE8974A2366C7A5000A3968 /* opencv_noise.model */,
				BFE897482366B7B7000A3968 /* opencv_nonoise.model */,
			);
			path = MakeBundle;
			sourceTree = "<group>";
		};
/* End PBXGroup section */

/* Begin PBXNativeTarget section */
		BF98F8CD21F98BAA0025DA79 /* makeBundle */ = {
			isa = PBXNativeTarget;
			buildConfigurationList = BF98F8D421F98BAA0025DA79 /* Build configuration list for PBXNativeTarget "makeBundle" */;
			buildPhases = (
				BF98F8CA21F98BAA0025DA79 /* Sources */,
				BF98F8CB21F98BAA0025DA79 /* Frameworks */,
				BF98F8CC21F98BAA0025DA79 /* Resources */,
			);
			buildRules = (
			);
			dependencies = (
			);
			name = makeBundle;
			productName = makeBundle;
			productReference = BF98F8CE21F98BAA0025DA79 /* makeBundle.bundle */;
			productType = "com.apple.product-type.bundle";
		};
/* End PBXNativeTarget section */

/* Begin PBXProject section */
		BF98F8C621F98BAA0025DA79 /* Project object */ = {
			isa = PBXProject;
			attributes = {
				LastUpgradeCheck = 1010;
				ORGANIZATIONNAME = "Yiqin Lu";
				TargetAttributes = {
					BF98F8CD21F98BAA0025DA79 = {
						CreatedOnToolsVersion = 10.1;
					};
				};
			};
			buildConfigurationList = BF98F8C921F98BAA0025DA79 /* Build configuration list for PBXProject "MakeBundle" */;
			compatibilityVersion = "Xcode 9.3";
			developmentRegion = en;
			hasScannedForEncodings = 0;
			knownRegions = (
				en,
			);
			mainGroup = BF98F8C521F98BAA0025DA79;
			productRefGroup = BF98F8CF21F98BAA0025DA79 /* Products */;
			projectDirPath = "";
			projectRoot = "";
			targets = (
				BF98F8CD21F98BAA0025DA79 /* makeBundle */,
			);
		};
/* End PBXProject section */

/* Begin PBXResourcesBuildPhase section */
		BF98F8CC21F98BAA0025DA79 /* Resources */ = {
			isa = PBXResourcesBuildPhase;
			buildActionMask = 2147483647;
			files = (
				BFE897492366B7B7000A3968 /* opencv_nonoise.model in Resources */,
				BFE5BA1B2369323700080D56 /* recognition_walking.model in Resources */,
				BFE5BA1A2369323700080D56 /* detect_walking_sta.model in Resources */,
				BFE8974B2366C7A5000A3968 /* opencv_noise.model in Resources */,
				BFE897472366B1E1000A3968 /* detect_walking_what.model in Resources */,
			);
			runOnlyForDeploymentPostprocessing = 0;
		};
/* End PBXResourcesBuildPhase section */

/* Begin PBXSourcesBuildPhase section */
		BF98F8CA21F98BAA0025DA79 /* Sources */ = {
			isa = PBXSourcesBuildPhase;
			buildActionMask = 2147483647;
			files = (
			);
			runOnlyForDeploymentPostprocessing = 0;
		};
/* End PBXSourcesBuildPhase section */

/* Begin XCBuildConfiguration section */
		BF98F8D221F98BAA0025DA79 /* Debug */ = {
			isa = XCBuildConfiguration;
			buildSettings = {
				ALWAYS_SEARCH_USER_PATHS = NO;
				CLANG_ANALYZER_NONNULL = YES;
				CLANG_ANALYZER_NUMBER_OBJECT_CONVERSION = YES_AGGRESSIVE;
				CLANG_CXX_LANGUAGE_STANDARD = "gnu++14";
				CLANG_CXX_LIBRARY = "libc++";
				CLANG_ENABLE_MODULES = YES;
				CLANG_ENABLE_OBJC_ARC = YES;
				CLANG_ENABLE_OBJC_WEAK = YES;
				CLANG_WARN_BLOCK_CAPTURE_AUTORELEASING = YES;
				CLANG_WARN_BOOL_CONVERSION = YES;
				CLANG_WARN_COMMA = YES;
				CLANG_WARN_CONSTANT_CONVERSION = YES;
				CLANG_WARN_DEPRECATED_OBJC_IMPLEMENTATIONS = YES;
				CLANG_WARN_DIRECT_OBJC_ISA_USAGE = YES_ERROR;
				CLANG_WARN_DOCUMENTATION_COMMENTS = YES;
				CLANG_WARN_EMPTY_BODY = YES;
				CLANG_WARN_ENUM_CONVERSION = YES;
				CLANG_WARN_INFINITE_RECURSION = YES;
				CLANG_WARN_INT_CONVERSION = YES;
				CLANG_WARN_NON_LITERAL_NULL_CONVERSION = YES;
				CLANG_WARN_OBJC_IMPLICIT_RETAIN_SELF = YES;
				CLANG_WARN_OBJC_LITERAL_CONVERSION = YES;
				CLANG_WARN_OBJC_ROOT_CLASS = YES_ERROR;
				CLANG_WARN_RANGE_LOOP_ANALYSIS = YES;
				CLANG_WARN_STRICT_PROTOTYPES = YES;
				CLANG_WARN_SUSPICIOUS_MOVE = YES;
				CLANG_WARN_UNGUARDED_AVAILABILITY = YES_AGGRESSIVE;
				CLANG_WARN_UNREACHABLE_CODE = YES;
				CLANG_WARN__DUPLICATE_METHOD_MATCH = YES;
				CODE_SIGN_IDENTITY = "Mac Developer";
				COPY_PHASE_STRIP = NO;
				DEBUG_INFORMATION_FORMAT = dwarf;
				ENABLE_STRICT_OBJC_MSGSEND = YES;
				ENABLE_TESTABILITY = YES;
				GCC_C_LANGUAGE_STANDARD = gnu11;
				GCC_DYNAMIC_NO_PIC = NO;
				GCC_NO_COMMON_BLOCKS = YES;
				GCC_OPTIMIZATION_LEVEL = 0;
				GCC_PREPROCESSOR_DEFINITIONS = (
					"DEBUG=1",
					"$(inherited)",
				);
				GCC_WARN_64_TO_32_BIT_CONVERSION = YES;
				GCC_WARN_ABOUT_RETURN_TYPE = YES_ERROR;
				GCC_WARN_UNDECLARED_SELECTOR = YES;
				GCC_WARN_UNINITIALIZED_AUTOS = YES_AGGRESSIVE;
				GCC_WARN_UNUSED_FUNCTION = YES;
				GCC_WARN_UNUSED_VARIABLE = YES;
				MACOSX_DEPLOYMENT_TARGET = 10.13;
				MTL_ENABLE_DEBUG_INFO = INCLUDE_SOURCE;
				MTL_FAST_MATH = YES;
				ONLY_ACTIVE_ARCH = YES;
				SDKROOT = macosx;
			};
			name = Debug;
		};
		BF98F8D321F98BAA0025DA79 /* Release */ = {
			isa = XCBuildConfiguration;
			buildSettings = {
				ALWAYS_SEARCH_USER_PATHS = NO;
				CLANG_ANALYZER_NONNULL = YES;
				CLANG_ANALYZER_NUMBER_OBJECT_CONVERSION = YES_AGGRESSIVE;
				CLANG_CXX_LANGUAGE_STANDARD = "gnu++14";
				CLANG_CXX_LIBRARY = "libc++";
				CLANG_ENABLE_MODULES = YES;
				CLANG_ENABLE_OBJC_ARC = YES;
				CLANG_ENABLE_OBJC_WEAK = YES;
				CLANG_WARN_BLOCK_CAPTURE_AUTORELEASING = YES;
				CLANG_WARN_BOOL_CONVERSION = YES;
				CLANG_WARN_COMMA = YES;
				CLANG_WARN_CONSTANT_CONVERSION = YES;
				CLANG_WARN_DEPRECATED_OBJC_IMPLEMENTATIONS = YES;
				CLANG_WARN_DIRECT_OBJC_ISA_USAGE = YES_ERROR;
				CLANG_WARN_DOCUMENTATION_COMMENTS = YES;
				CLANG_WARN_EMPTY_BODY = YES;
				CLANG_WARN_ENUM_CONVERSION = YES;
				CLANG_WARN_INFINITE_RECURSION = YES;
				CLANG_WARN_INT_CONVERSION = YES;
				CLANG_WARN_NON_LITERAL_NULL_CONVERSION = YES;
				CLANG_WARN_OBJC_IMPLICIT_RETAIN_SELF = YES;
				CLANG_WARN_OBJC_LITERAL_CONVERSION = YES;
				CLANG_WARN_OBJC_ROOT_CLASS = YES_ERROR;
				CLANG_WARN_RANGE_LOOP_ANALYSIS = YES;
				CLANG_WARN_STRICT_PROTOTYPES = YES;
				CLANG_WARN_SUSPICIOUS_MOVE = YES;
				CLANG_WARN_UNGUARDED_AVAILABILITY = YES_AGGRESSIVE;
				CLANG_WARN_UNREACHABLE_CODE = YES;
				CLANG_WARN__DUPLICATE_METHOD_MATCH = YES;
				CODE_SIGN_IDENTITY = "Mac Developer";
				COPY_PHASE_STRIP = NO;
				DEBUG_INFORMATION_FORMAT = "dwarf-with-dsym";
				ENABLE_NS_ASSERTIONS = NO;
				ENABLE_STRICT_OBJC_MSGSEND = YES;
				GCC_C_LANGUAGE_STANDARD = gnu11;
				GCC_NO_COMMON_BLOCKS = YES;
				GCC_WARN_64_TO_32_BIT_CONVERSION = YES;
				GCC_WARN_ABOUT_RETURN_TYPE = YES_ERROR;
				GCC_WARN_UNDECLARED_SELECTOR = YES;
				GCC_WARN_UNINITIALIZED_AUTOS = YES_AGGRESSIVE;
				GCC_WARN_UNUSED_FUNCTION = YES;
				GCC_WARN_UNUSED_VARIABLE = YES;
				MACOSX_DEPLOYMENT_TARGET = 10.13;
				MTL_ENABLE_DEBUG_INFO = NO;
				MTL_FAST_MATH = YES;
				SDKROOT = macosx;
			};
			name = Release;
		};
		BF98F8D521F98BAA0025DA79 /* Debug */ = {
			isa = XCBuildConfiguration;
			buildSettings = {
				CODE_SIGN_STYLE = Automatic;
				COMBINE_HIDPI_IMAGES = YES;
				DEVELOPMENT_TEAM = 2V33378F7P;
				INFOPLIST_FILE = makeBundle/Info.plist;
				INSTALL_PATH = "";
				PRODUCT_BUNDLE_IDENTIFIER = pcg.MakeBundle;
				PRODUCT_NAME = "$(TARGET_NAME)";
				SDKROOT = iphoneos;
				SKIP_INSTALL = NO;
				WRAPPER_EXTENSION = bundle;
			};
			name = Debug;
		};
		BF98F8D621F98BAA0025DA79 /* Release */ = {
			isa = XCBuildConfiguration;
			buildSettings = {
				CODE_SIGN_STYLE = Automatic;
				COMBINE_HIDPI_IMAGES = YES;
				DEVELOPMENT_TEAM = 2V33378F7P;
				INFOPLIST_FILE = makeBundle/Info.plist;
				INSTALL_PATH = "";
				PRODUCT_BUNDLE_IDENTIFIER = pcg.MakeBundle;
				PRODUCT_NAME = "$(TARGET_NAME)";
				SDKROOT = iphoneos;
				SKIP_INSTALL = NO;
				WRAPPER_EXTENSION = bundle;
			};
			name = Release;
		};
/* End XCBuildConfiguration section */

/* Begin XCConfigurationList section */
		BF98F8C921F98BAA0025DA79 /* Build configuration list for PBXProject "MakeBundle" */ = {
			isa = XCConfigurationList;
			buildConfigurations = (
				BF98F8D221F98BAA0025DA79 /* Debug */,
				BF98F8D321F98BAA0025DA79 /* Release */,
			);
			defaultConfigurationIsVisible = 0;
			defaultConfigurationName = Release;
		};
		BF98F8D421F98BAA0025DA79 /* Build configuration list for PBXNativeTarget "makeBundle" */ = {
			isa = XCConfigurationList;
			buildConfigurations = (
				BF98F8D521F98BAA0025DA79 /* Debug */,
				BF98F8D621F98BAA0025DA79 /* Release */,
			);
			defaultConfigurationIsVisible = 0;
			defaultConfigurationName = Release;
		};
/* End XCConfigurationList section */
	};
	rootObject = BF98F8C621F98BAA0025DA79 /* Project object */;
}
